// !$*UTF8*$!
{
	archiveVersion = 1;
	classes = {
	};
	objectVersion = 50;
	objects = {

/* Begin PBXBuildFile section */
		6A33FFBE27E0133A00FAE47F /* HomeViewModel.swift in Sources */ = {isa = PBXBuildFile; fileRef = 6A33FFBD27E0133A00FAE47F /* HomeViewModel.swift */; };
		6A4D160C27DB049A00E51244 /* MenuSuggestionSectionView.swift in Sources */ = {isa = PBXBuildFile; fileRef = 6A4D160B27DB049A00E51244 /* MenuSuggestionSectionView.swift */; };
		6A4D160E27DB051400E51244 /* CoffeeMenu.swift in Sources */ = {isa = PBXBuildFile; fileRef = 6A4D160D27DB051400E51244 /* CoffeeMenu.swift */; };
		6A4D161027DB0CCA00E51244 /* EventSectionView.swift in Sources */ = {isa = PBXBuildFile; fileRef = 6A4D160F27DB0CCA00E51244 /* EventSectionView.swift */; };
		6A4D161227DB0D1800E51244 /* Event.swift in Sources */ = {isa = PBXBuildFile; fileRef = 6A4D161127DB0D1800E51244 /* Event.swift */; };
		6A4D161427DB10C800E51244 /* HeaderView.swift in Sources */ = {isa = PBXBuildFile; fileRef = 6A4D161327DB10C800E51244 /* HeaderView.swift */; };
		6A4D161627DB148E00E51244 /* HomeView.swift in Sources */ = {isa = PBXBuildFile; fileRef = 6A4D161527DB148E00E51244 /* HomeView.swift */; };
		6AEA314027DB1A48005BE712 /* User.swift in Sources */ = {isa = PBXBuildFile; fileRef = 6AEA313F27DB1A48005BE712 /* User.swift */; };
		6AEA314227DB36EA005BE712 /* OtherView.swift in Sources */ = {isa = PBXBuildFile; fileRef = 6AEA314127DB36EA005BE712 /* OtherView.swift */; };
		6AEA314727DB3908005BE712 /* SettingMenu.swift in Sources */ = {isa = PBXBuildFile; fileRef = 6AEA314627DB3908005BE712 /* SettingMenu.swift */; };
		6AEA314927DB403B005BE712 /* SettingView.swift in Sources */ = {isa = PBXBuildFile; fileRef = 6AEA314827DB403B005BE712 /* SettingView.swift */; };
		927CF94527BB89D100B6493D /* CafeApp.swift in Sources */ = {isa = PBXBuildFile; fileRef = 927CF94427BB89D100B6493D /* CafeApp.swift */; };
		927CF94727BB89D100B6493D /* MainTabView.swift in Sources */ = {isa = PBXBuildFile; fileRef = 927CF94627BB89D100B6493D /* MainTabView.swift */; };
		927CF94927BB89D600B6493D /* Assets.xcassets in Resources */ = {isa = PBXBuildFile; fileRef = 927CF94827BB89D600B6493D /* Assets.xcassets */; };
		927CF94C27BB89D600B6493D /* Preview Assets.xcassets in Resources */ = {isa = PBXBuildFile; fileRef = 927CF94B27BB89D600B6493D /* Preview Assets.xcassets */; };
		927CF95427BB973500B6493D /* Tab.swift in Sources */ = {isa = PBXBuildFile; fileRef = 927CF95327BB973400B6493D /* Tab.swift */; };
/* End PBXBuildFile section */

/* Begin PBXFileReference section */
		6A33FFBD27E0133A00FAE47F /* HomeViewModel.swift */ = {isa = PBXFileReference; lastKnownFileType = sourcecode.swift; path = HomeViewModel.swift; sourceTree = "<group>"; };
		6A4D160B27DB049A00E51244 /* MenuSuggestionSectionView.swift */ = {isa = PBXFileReference; lastKnownFileType = sourcecode.swift; path = MenuSuggestionSectionView.swift; sourceTree = "<group>"; };
		6A4D160D27DB051400E51244 /* CoffeeMenu.swift */ = {isa = PBXFileReference; lastKnownFileType = sourcecode.swift; path = CoffeeMenu.swift; sourceTree = "<group>"; };
		6A4D160F27DB0CCA00E51244 /* EventSectionView.swift */ = {isa = PBXFileReference; lastKnownFileType = sourcecode.swift; path = EventSectionView.swift; sourceTree = "<group>"; };
		6A4D161127DB0D1800E51244 /* Event.swift */ = {isa = PBXFileReference; lastKnownFileType = sourcecode.swift; path = Event.swift; sourceTree = "<group>"; };
		6A4D161327DB10C800E51244 /* HeaderView.swift */ = {isa = PBXFileReference; lastKnownFileType = sourcecode.swift; path = HeaderView.swift; sourceTree = "<group>"; };
		6A4D161527DB148E00E51244 /* HomeView.swift */ = {isa = PBXFileReference; lastKnownFileType = sourcecode.swift; path = HomeView.swift; sourceTree = "<group>"; };
		6AEA313F27DB1A48005BE712 /* User.swift */ = {isa = PBXFileReference; lastKnownFileType = sourcecode.swift; path = User.swift; sourceTree = "<group>"; };
		6AEA314127DB36EA005BE712 /* OtherView.swift */ = {isa = PBXFileReference; lastKnownFileType = sourcecode.swift; path = OtherView.swift; sourceTree = "<group>"; };
		6AEA314627DB3908005BE712 /* SettingMenu.swift */ = {isa = PBXFileReference; lastKnownFileType = sourcecode.swift; path = SettingMenu.swift; sourceTree = "<group>"; };
		6AEA314827DB403B005BE712 /* SettingView.swift */ = {isa = PBXFileReference; lastKnownFileType = sourcecode.swift; path = SettingView.swift; sourceTree = "<group>"; };
		927CF94127BB89D100B6493D /* Cafe.app */ = {isa = PBXFileReference; explicitFileType = wrapper.application; includeInIndex = 0; path = Cafe.app; sourceTree = BUILT_PRODUCTS_DIR; };
		927CF94427BB89D100B6493D /* CafeApp.swift */ = {isa = PBXFileReference; lastKnownFileType = sourcecode.swift; path = CafeApp.swift; sourceTree = "<group>"; };
		927CF94627BB89D100B6493D /* MainTabView.swift */ = {isa = PBXFileReference; lastKnownFileType = sourcecode.swift; path = MainTabView.swift; sourceTree = "<group>"; };
		927CF94827BB89D600B6493D /* Assets.xcassets */ = {isa = PBXFileReference; lastKnownFileType = folder.assetcatalog; path = Assets.xcassets; sourceTree = "<group>"; };
		927CF94B27BB89D600B6493D /* Preview Assets.xcassets */ = {isa = PBXFileReference; lastKnownFileType = folder.assetcatalog; path = "Preview Assets.xcassets"; sourceTree = "<group>"; };
		927CF94D27BB89D600B6493D /* Info.plist */ = {isa = PBXFileReference; lastKnownFileType = text.plist.xml; path = Info.plist; sourceTree = "<group>"; };
		927CF95327BB973400B6493D /* Tab.swift */ = {isa = PBXFileReference; lastKnownFileType = sourcecode.swift; path = Tab.swift; sourceTree = "<group>"; };
		927CF95527BB989F00B6493D /* README.md */ = {isa = PBXFileReference; lastKnownFileType = net.daringfireball.markdown; path = README.md; sourceTree = "<group>"; };
/* End PBXFileReference section */

/* Begin PBXFrameworksBuildPhase section */
		927CF93E27BB89D100B6493D /* Frameworks */ = {
			isa = PBXFrameworksBuildPhase;
			buildActionMask = 2147483647;
			files = (
			);
			runOnlyForDeploymentPostprocessing = 0;
		};
/* End PBXFrameworksBuildPhase section */

/* Begin PBXGroup section */
		6A4D160727DB044E00E51244 /* Tab */ = {
			isa = PBXGroup;
			children = (
				927CF94627BB89D100B6493D /* MainTabView.swift */,
				927CF95327BB973400B6493D /* Tab.swift */,
			);
			path = Tab;
			sourceTree = "<group>";
		};
		6A4D160827DB045700E51244 /* Scenes */ = {
			isa = PBXGroup;
			children = (
				6A4D160727DB044E00E51244 /* Tab */,
				6A4D161727DB151900E51244 /* Home */,
				6AEA314327DB36FE005BE712 /* Other */,
			);
			path = Scenes;
			sourceTree = "<group>";
		};
		6A4D161727DB151900E51244 /* Home */ = {
			isa = PBXGroup;
			children = (
				6A4D160B27DB049A00E51244 /* MenuSuggestionSectionView.swift */,
				6A4D160F27DB0CCA00E51244 /* EventSectionView.swift */,
				6A4D161527DB148E00E51244 /* HomeView.swift */,
				6A4D161327DB10C800E51244 /* HeaderView.swift */,
				6A33FFBD27E0133A00FAE47F /* HomeViewModel.swift */,
			);
			path = Home;
			sourceTree = "<group>";
		};
		6AEA314327DB36FE005BE712 /* Other */ = {
			isa = PBXGroup;
			children = (
				6AEA314127DB36EA005BE712 /* OtherView.swift */,
				6AEA314627DB3908005BE712 /* SettingMenu.swift */,
				6AEA314827DB403B005BE712 /* SettingView.swift */,
			);
			path = Other;
			sourceTree = "<group>";
		};
		927CF93827BB89D100B6493D = {
			isa = PBXGroup;
			children = (
				927CF95527BB989F00B6493D /* README.md */,
				927CF94327BB89D100B6493D /* Cafe */,
				927CF94227BB89D100B6493D /* Products */,
			);
			sourceTree = "<group>";
		};
		927CF94227BB89D100B6493D /* Products */ = {
			isa = PBXGroup;
			children = (
				927CF94127BB89D100B6493D /* Cafe.app */,
			);
			name = Products;
			sourceTree = "<group>";
		};
		927CF94327BB89D100B6493D /* Cafe */ = {
			isa = PBXGroup;
			children = (
				927CF94427BB89D100B6493D /* CafeApp.swift */,
				6A4D160D27DB051400E51244 /* CoffeeMenu.swift */,
				6A4D161127DB0D1800E51244 /* Event.swift */,
				6A4D160827DB045700E51244 /* Scenes */,
				927CF94827BB89D600B6493D /* Assets.xcassets */,
				927CF94D27BB89D600B6493D /* Info.plist */,
				927CF94A27BB89D600B6493D /* Preview Content */,
				6AEA313F27DB1A48005BE712 /* User.swift */,
			);
			path = Cafe;
			sourceTree = "<group>";
		};
		927CF94A27BB89D600B6493D /* Preview Content */ = {
			isa = PBXGroup;
			children = (
				927CF94B27BB89D600B6493D /* Preview Assets.xcassets */,
			);
			path = "Preview Content";
			sourceTree = "<group>";
		};
/* End PBXGroup section */

/* Begin PBXNativeTarget section */
		927CF94027BB89D100B6493D /* Cafe */ = {
			isa = PBXNativeTarget;
			buildConfigurationList = 927CF95027BB89D600B6493D /* Build configuration list for PBXNativeTarget "Cafe" */;
			buildPhases = (
				927CF93D27BB89D100B6493D /* Sources */,
				927CF93E27BB89D100B6493D /* Frameworks */,
				927CF93F27BB89D100B6493D /* Resources */,
			);
			buildRules = (
			);
			dependencies = (
			);
			name = Cafe;
			productName = Cafe;
			productReference = 927CF94127BB89D100B6493D /* Cafe.app */;
			productType = "com.apple.product-type.application";
		};
/* End PBXNativeTarget section */

/* Begin PBXProject section */
		927CF93927BB89D100B6493D /* Project object */ = {
			isa = PBXProject;
			attributes = {
				LastSwiftUpdateCheck = 1250;
				LastUpgradeCheck = 1250;
				TargetAttributes = {
					927CF94027BB89D100B6493D = {
						CreatedOnToolsVersion = 12.5.1;
					};
				};
			};
			buildConfigurationList = 927CF93C27BB89D100B6493D /* Build configuration list for PBXProject "Cafe" */;
			compatibilityVersion = "Xcode 9.3";
			developmentRegion = en;
			hasScannedForEncodings = 0;
			knownRegions = (
				en,
				Base,
			);
			mainGroup = 927CF93827BB89D100B6493D;
			productRefGroup = 927CF94227BB89D100B6493D /* Products */;
			projectDirPath = "";
			projectRoot = "";
			targets = (
				927CF94027BB89D100B6493D /* Cafe */,
			);
		};
/* End PBXProject section */

/* Begin PBXResourcesBuildPhase section */
		927CF93F27BB89D100B6493D /* Resources */ = {
			isa = PBXResourcesBuildPhase;
			buildActionMask = 2147483647;
			files = (
				927CF94C27BB89D600B6493D /* Preview Assets.xcassets in Resources */,
				927CF94927BB89D600B6493D /* Assets.xcassets in Resources */,
			);
			runOnlyForDeploymentPostprocessing = 0;
		};
/* End PBXResourcesBuildPhase section */

/* Begin PBXSourcesBuildPhase section */
		927CF93D27BB89D100B6493D /* Sources */ = {
			isa = PBXSourcesBuildPhase;
			buildActionMask = 2147483647;
			files = (
				6A4D161627DB148E00E51244 /* HomeView.swift in Sources */,
				927CF95427BB973500B6493D /* Tab.swift in Sources */,
				6A4D161027DB0CCA00E51244 /* EventSectionView.swift in Sources */,
				927CF94727BB89D100B6493D /* MainTabView.swift in Sources */,
				6A4D160E27DB051400E51244 /* CoffeeMenu.swift in Sources */,
				6AEA314227DB36EA005BE712 /* OtherView.swift in Sources */,
				927CF94527BB89D100B6493D /* CafeApp.swift in Sources */,
				6A4D161227DB0D1800E51244 /* Event.swift in Sources */,
				6AEA314927DB403B005BE712 /* SettingView.swift in Sources */,
				6A33FFBE27E0133A00FAE47F /* HomeViewModel.swift in Sources */,
				6A4D160C27DB049A00E51244 /* MenuSuggestionSectionView.swift in Sources */,
				6AEA314027DB1A48005BE712 /* User.swift in Sources */,
				6A4D161427DB10C800E51244 /* HeaderView.swift in Sources */,
				6AEA314727DB3908005BE712 /* SettingMenu.swift in Sources */,
			);
			runOnlyForDeploymentPostprocessing = 0;
		};
/* End PBXSourcesBuildPhase section */

/* Begin XCBuildConfiguration section */
		927CF94E27BB89D600B6493D /* Debug */ = {
			isa = XCBuildConfiguration;
			buildSettings = {
				ALWAYS_SEARCH_USER_PATHS = NO;
				CLANG_ANALYZER_NONNULL = YES;
				CLANG_ANALYZER_NUMBER_OBJECT_CONVERSION = YES_AGGRESSIVE;
				CLANG_CXX_LANGUAGE_STANDARD = "gnu++14";
				CLANG_CXX_LIBRARY = "libc++";
				CLANG_ENABLE_MODULES = YES;
				CLANG_ENABLE_OBJC_ARC = YES;
				CLANG_ENABLE_OBJC_WEAK = YES;
				CLANG_WARN_BLOCK_CAPTURE_AUTORELEASING = YES;
				CLANG_WARN_BOOL_CONVERSION = YES;
				CLANG_WARN_COMMA = YES;
				CLANG_WARN_CONSTANT_CONVERSION = YES;
				CLANG_WARN_DEPRECATED_OBJC_IMPLEMENTATIONS = YES;
				CLANG_WARN_DIRECT_OBJC_ISA_USAGE = YES_ERROR;
				CLANG_WARN_DOCUMENTATION_COMMENTS = YES;
				CLANG_WARN_EMPTY_BODY = YES;
				CLANG_WARN_ENUM_CONVERSION = YES;
				CLANG_WARN_INFINITE_RECURSION = YES;
				CLANG_WARN_INT_CONVERSION = YES;
				CLANG_WARN_NON_LITERAL_NULL_CONVERSION = YES;
				CLANG_WARN_OBJC_IMPLICIT_RETAIN_SELF = YES;
				CLANG_WARN_OBJC_LITERAL_CONVERSION = YES;
				CLANG_WARN_OBJC_ROOT_CLASS = YES_ERROR;
				CLANG_WARN_QUOTED_INCLUDE_IN_FRAMEWORK_HEADER = YES;
				CLANG_WARN_RANGE_LOOP_ANALYSIS = YES;
				CLANG_WARN_STRICT_PROTOTYPES = YES;
				CLANG_WARN_SUSPICIOUS_MOVE = YES;
				CLANG_WARN_UNGUARDED_AVAILABILITY = YES_AGGRESSIVE;
				CLANG_WARN_UNREACHABLE_CODE = YES;
				CLANG_WARN__DUPLICATE_METHOD_MATCH = YES;
				COPY_PHASE_STRIP = NO;
				DEBUG_INFORMATION_FORMAT = dwarf;
				ENABLE_STRICT_OBJC_MSGSEND = YES;
				ENABLE_TESTABILITY = YES;
				GCC_C_LANGUAGE_STANDARD = gnu11;
				GCC_DYNAMIC_NO_PIC = NO;
				GCC_NO_COMMON_BLOCKS = YES;
				GCC_OPTIMIZATION_LEVEL = 0;
				GCC_PREPROCESSOR_DEFINITIONS = (
					"DEBUG=1",
					"$(inherited)",
				);
				GCC_WARN_64_TO_32_BIT_CONVERSION = YES;
				GCC_WARN_ABOUT_RETURN_TYPE = YES_ERROR;
				GCC_WARN_UNDECLARED_SELECTOR = YES;
				GCC_WARN_UNINITIALIZED_AUTOS = YES_AGGRESSIVE;
				GCC_WARN_UNUSED_FUNCTION = YES;
				GCC_WARN_UNUSED_VARIABLE = YES;
				IPHONEOS_DEPLOYMENT_TARGET = 14.5;
				MTL_ENABLE_DEBUG_INFO = INCLUDE_SOURCE;
				MTL_FAST_MATH = YES;
				ONLY_ACTIVE_ARCH = YES;
				SDKROOT = iphoneos;
				SWIFT_ACTIVE_COMPILATION_CONDITIONS = DEBUG;
				SWIFT_OPTIMIZATION_LEVEL = "-Onone";
			};
			name = Debug;
		};
		927CF94F27BB89D600B6493D /* Release */ = {
			isa = XCBuildConfiguration;
			buildSettings = {
				ALWAYS_SEARCH_USER_PATHS = NO;
				CLANG_ANALYZER_NONNULL = YES;
				CLANG_ANALYZER_NUMBER_OBJECT_CONVERSION = YES_AGGRESSIVE;
				CLANG_CXX_LANGUAGE_STANDARD = "gnu++14";
				CLANG_CXX_LIBRARY = "libc++";
				CLANG_ENABLE_MODULES = YES;
				CLANG_ENABLE_OBJC_ARC = YES;
				CLANG_ENABLE_OBJC_WEAK = YES;
				CLANG_WARN_BLOCK_CAPTURE_AUTORELEASING = YES;
				CLANG_WARN_BOOL_CONVERSION = YES;
				CLANG_WARN_COMMA = YES;
				CLANG_WARN_CONSTANT_CONVERSION = YES;
				CLANG_WARN_DEPRECATED_OBJC_IMPLEMENTATIONS = YES;
				CLANG_WARN_DIRECT_OBJC_ISA_USAGE = YES_ERROR;
				CLANG_WARN_DOCUMENTATION_COMMENTS = YES;
				CLANG_WARN_EMPTY_BODY = YES;
				CLANG_WARN_ENUM_CONVERSION = YES;
				CLANG_WARN_INFINITE_RECURSION = YES;
				CLANG_WARN_INT_CONVERSION = YES;
				CLANG_WARN_NON_LITERAL_NULL_CONVERSION = YES;
				CLANG_WARN_OBJC_IMPLICIT_RETAIN_SELF = YES;
				CLANG_WARN_OBJC_LITERAL_CONVERSION = YES;
				CLANG_WARN_OBJC_ROOT_CLASS = YES_ERROR;
				CLANG_WARN_QUOTED_INCLUDE_IN_FRAMEWORK_HEADER = YES;
				CLANG_WARN_RANGE_LOOP_ANALYSIS = YES;
				CLANG_WARN_STRICT_PROTOTYPES = YES;
				CLANG_WARN_SUSPICIOUS_MOVE = YES;
				CLANG_WARN_UNGUARDED_AVAILABILITY = YES_AGGRESSIVE;
				CLANG_WARN_UNREACHABLE_CODE = YES;
				CLANG_WARN__DUPLICATE_METHOD_MATCH = YES;
				COPY_PHASE_STRIP = NO;
				DEBUG_INFORMATION_FORMAT = "dwarf-with-dsym";
				ENABLE_NS_ASSERTIONS = NO;
				ENABLE_STRICT_OBJC_MSGSEND = YES;
				GCC_C_LANGUAGE_STANDARD = gnu11;
				GCC_NO_COMMON_BLOCKS = YES;
				GCC_WARN_64_TO_32_BIT_CONVERSION = YES;
				GCC_WARN_ABOUT_RETURN_TYPE = YES_ERROR;
				GCC_WARN_UNDECLARED_SELECTOR = YES;
				GCC_WARN_UNINITIALIZED_AUTOS = YES_AGGRESSIVE;
				GCC_WARN_UNUSED_FUNCTION = YES;
				GCC_WARN_UNUSED_VARIABLE = YES;
				IPHONEOS_DEPLOYMENT_TARGET = 14.5;
				MTL_ENABLE_DEBUG_INFO = NO;
				MTL_FAST_MATH = YES;
				SDKROOT = iphoneos;
				SWIFT_COMPILATION_MODE = wholemodule;
				SWIFT_OPTIMIZATION_LEVEL = "-O";
				VALIDATE_PRODUCT = YES;
			};
			name = Release;
		};
		927CF95127BB89D600B6493D /* Debug */ = {
			isa = XCBuildConfiguration;
			buildSettings = {
				ASSETCATALOG_COMPILER_APPICON_NAME = AppIcon;
				ASSETCATALOG_COMPILER_GLOBAL_ACCENT_COLOR_NAME = AccentColor;
				CODE_SIGN_STYLE = Automatic;
				DEVELOPMENT_ASSET_PATHS = "\"Cafe/Preview Content\"";
				DEVELOPMENT_TEAM = XJA7283JV3;
				ENABLE_PREVIEWS = YES;
				INFOPLIST_FILE = Cafe/Info.plist;
				IPHONEOS_DEPLOYMENT_TARGET = 14.0;
				LD_RUNPATH_SEARCH_PATHS = (
					"$(inherited)",
					"@executable_path/Frameworks",
				);
				PRODUCT_BUNDLE_IDENTIFIER = com.yujin.www.Cafe;
				PRODUCT_NAME = "$(TARGET_NAME)";
				SWIFT_VERSION = 5.0;
				TARGETED_DEVICE_FAMILY = "1,2";
			};
			name = Debug;
		};
		927CF95227BB89D600B6493D /* Release */ = {
			isa = XCBuildConfiguration;
			buildSettings = {
				ASSETCATALOG_COMPILER_APPICON_NAME = AppIcon;
				ASSETCATALOG_COMPILER_GLOBAL_ACCENT_COLOR_NAME = AccentColor;
				CODE_SIGN_STYLE = Automatic;
				DEVELOPMENT_ASSET_PATHS = "\"Cafe/Preview Content\"";
				DEVELOPMENT_TEAM = XJA7283JV3;
				ENABLE_PREVIEWS = YES;
				INFOPLIST_FILE = Cafe/Info.plist;
				IPHONEOS_DEPLOYMENT_TARGET = 14.0;
				LD_RUNPATH_SEARCH_PATHS = (
					"$(inherited)",
					"@executable_path/Frameworks",
				);
				PRODUCT_BUNDLE_IDENTIFIER = com.yujin.www.Cafe;
				PRODUCT_NAME = "$(TARGET_NAME)";
				SWIFT_VERSION = 5.0;
				TARGETED_DEVICE_FAMILY = "1,2";
			};
			name = Release;
		};
/* End XCBuildConfiguration section */

/* Begin XCConfigurationList section */
		927CF93C27BB89D100B6493D /* Build configuration list for PBXProject "Cafe" */ = {
			isa = XCConfigurationList;
			buildConfigurations = (
				927CF94E27BB89D600B6493D /* Debug */,
				927CF94F27BB89D600B6493D /* Release */,
			);
			defaultConfigurationIsVisible = 0;
			defaultConfigurationName = Release;
		};
		927CF95027BB89D600B6493D /* Build configuration list for PBXNativeTarget "Cafe" */ = {
			isa = XCConfigurationList;
			buildConfigurations = (
				927CF95127BB89D600B6493D /* Debug */,
				927CF95227BB89D600B6493D /* Release */,
			);
			defaultConfigurationIsVisible = 0;
			defaultConfigurationName = Release;
		};
/* End XCConfigurationList section */
	};
	rootObject = 927CF93927BB89D100B6493D /* Project object */;
}
